
Microsoft Visual Studio Solution File, Format Version 12.00
# Visual Studio Version 17
VisualStudioVersion = 17.1.32210.238
MinimumVisualStudioVersion = 10.0.40219.1
Project("{FAE04EC0-301F-11D3-BF4B-00C04F79EFBC}") = "myrecipehubAPI", "myrecipehubAPI\myrecipehubAPI.csproj", "{A5F36D9F-F4B4-4446-B870-153A8ACAC45F}"
EndProject
Global
	GlobalSection(SolutionConfigurationPlatforms) = preSolution
		Debug|Any CPU = Debug|Any CPU
		Release|Any CPU = Release|Any CPU
	EndGlobalSection
	GlobalSection(ProjectConfigurationPlatforms) = postSolution
		{A5F36D9F-F4B4-4446-B870-153A8ACAC45F}.Debug|Any CPU.ActiveCfg = Debug|Any CPU
		{A5F36D9F-F4B4-4446-B870-153A8ACAC45F}.Debug|Any CPU.Build.0 = Debug|Any CPU
		{A5F36D9F-F4B4-4446-B870-153A8ACAC45F}.Release|Any CPU.ActiveCfg = Release|Any CPU
		{A5F36D9F-F4B4-4446-B870-153A8ACAC45F}.Release|Any CPU.Build.0 = Release|Any CPU
	EndGlobalSection
	GlobalSection(SolutionProperties) = preSolution
		HideSolutionNode = FALSE
	EndGlobalSection
	GlobalSection(ExtensibilityGlobals) = postSolution
		SolutionGuid = {654FF26D-A2B6-40D7-A96E-3D47B88D48B7}
	EndGlobalSection
EndGlobal
